// !$*UTF8*$!
{
	archiveVersion = 1;
	classes = {
	};
	objectVersion = 50;
	objects = {

/* Begin PBXBuildFile section */
		41DF714751D5BA7B23CE9994 /* Pods_TODO_ios.framework in Frameworks */ = {isa = PBXBuildFile; fileRef = 81E657E760000A2857BF1BF7 /* Pods_TODO_ios.framework */; };
		5F7CFA09225B46D4005022BD /* AppDelegate.swift in Sources */ = {isa = PBXBuildFile; fileRef = 5F7CFA08225B46D4005022BD /* AppDelegate.swift */; };
		5F7CFA0B225B46D4005022BD /* ViewController.swift in Sources */ = {isa = PBXBuildFile; fileRef = 5F7CFA0A225B46D4005022BD /* ViewController.swift */; };
		5F7CFA0E225B46D4005022BD /* Main.storyboard in Resources */ = {isa = PBXBuildFile; fileRef = 5F7CFA0C225B46D4005022BD /* Main.storyboard */; };
		5F7CFA10225B46D6005022BD /* Assets.xcassets in Resources */ = {isa = PBXBuildFile; fileRef = 5F7CFA0F225B46D6005022BD /* Assets.xcassets */; };
		5F7CFA13225B46D6005022BD /* LaunchScreen.storyboard in Resources */ = {isa = PBXBuildFile; fileRef = 5F7CFA11225B46D6005022BD /* LaunchScreen.storyboard */; };
		5F7CFA1B225B4873005022BD /* UIButtonCheckBox.swift in Sources */ = {isa = PBXBuildFile; fileRef = 5F7CFA1A225B4873005022BD /* UIButtonCheckBox.swift */; };
		5F7CFA1D225B4BE0005022BD /* Constant.swift in Sources */ = {isa = PBXBuildFile; fileRef = 5F7CFA1C225B4BE0005022BD /* Constant.swift */; };
		5F7CFA1F225B4F9F005022BD /* TodoTableViewCell.swift in Sources */ = {isa = PBXBuildFile; fileRef = 5F7CFA1E225B4F9F005022BD /* TodoTableViewCell.swift */; };
		5F7CFA21225B5026005022BD /* Todo.swift in Sources */ = {isa = PBXBuildFile; fileRef = 5F7CFA20225B5026005022BD /* Todo.swift */; };
		5FAF139F225B66A6006025BF /* APIRouter.swift in Sources */ = {isa = PBXBuildFile; fileRef = 5FAF139E225B66A6006025BF /* APIRouter.swift */; };
		5FAF13A1225BAC92006025BF /* Helper.swift in Sources */ = {isa = PBXBuildFile; fileRef = 5FAF13A0225BAC92006025BF /* Helper.swift */; };
/* End PBXBuildFile section */

/* Begin PBXFileReference section */
		118A284627B7B4740B62B745 /* Pods-TODO-ios.release.xcconfig */ = {isa = PBXFileReference; includeInIndex = 1; lastKnownFileType = text.xcconfig; name = "Pods-TODO-ios.release.xcconfig"; path = "Target Support Files/Pods-TODO-ios/Pods-TODO-ios.release.xcconfig"; sourceTree = "<group>"; };
		5F7CFA05225B46D4005022BD /* TODO-ios.app */ = {isa = PBXFileReference; explicitFileType = wrapper.application; includeInIndex = 0; path = "TODO-ios.app"; sourceTree = BUILT_PRODUCTS_DIR; };
		5F7CFA08225B46D4005022BD /* AppDelegate.swift */ = {isa = PBXFileReference; lastKnownFileType = sourcecode.swift; path = AppDelegate.swift; sourceTree = "<group>"; };
		5F7CFA0A225B46D4005022BD /* ViewController.swift */ = {isa = PBXFileReference; lastKnownFileType = sourcecode.swift; path = ViewController.swift; sourceTree = "<group>"; };
		5F7CFA0D225B46D4005022BD /* Base */ = {isa = PBXFileReference; lastKnownFileType = file.storyboard; name = Base; path = Base.lproj/Main.storyboard; sourceTree = "<group>"; };
		5F7CFA0F225B46D6005022BD /* Assets.xcassets */ = {isa = PBXFileReference; lastKnownFileType = folder.assetcatalog; path = Assets.xcassets; sourceTree = "<group>"; };
		5F7CFA12225B46D6005022BD /* Base */ = {isa = PBXFileReference; lastKnownFileType = file.storyboard; name = Base; path = Base.lproj/LaunchScreen.storyboard; sourceTree = "<group>"; };
		5F7CFA14225B46D6005022BD /* Info.plist */ = {isa = PBXFileReference; lastKnownFileType = text.plist.xml; path = Info.plist; sourceTree = "<group>"; };
		5F7CFA1A225B4873005022BD /* UIButtonCheckBox.swift */ = {isa = PBXFileReference; lastKnownFileType = sourcecode.swift; path = UIButtonCheckBox.swift; sourceTree = "<group>"; };
		5F7CFA1C225B4BE0005022BD /* Constant.swift */ = {isa = PBXFileReference; lastKnownFileType = sourcecode.swift; path = Constant.swift; sourceTree = "<group>"; };
		5F7CFA1E225B4F9F005022BD /* TodoTableViewCell.swift */ = {isa = PBXFileReference; lastKnownFileType = sourcecode.swift; path = TodoTableViewCell.swift; sourceTree = "<group>"; };
		5F7CFA20225B5026005022BD /* Todo.swift */ = {isa = PBXFileReference; lastKnownFileType = sourcecode.swift; path = Todo.swift; sourceTree = "<group>"; };
		5FAF139E225B66A6006025BF /* APIRouter.swift */ = {isa = PBXFileReference; lastKnownFileType = sourcecode.swift; path = APIRouter.swift; sourceTree = "<group>"; };
		5FAF13A0225BAC92006025BF /* Helper.swift */ = {isa = PBXFileReference; lastKnownFileType = sourcecode.swift; path = Helper.swift; sourceTree = "<group>"; };
		81E657E760000A2857BF1BF7 /* Pods_TODO_ios.framework */ = {isa = PBXFileReference; explicitFileType = wrapper.framework; includeInIndex = 0; path = Pods_TODO_ios.framework; sourceTree = BUILT_PRODUCTS_DIR; };
		B3EA5926BF2A518CDF189619 /* Pods-TODO-ios.debug.xcconfig */ = {isa = PBXFileReference; includeInIndex = 1; lastKnownFileType = text.xcconfig; name = "Pods-TODO-ios.debug.xcconfig"; path = "Target Support Files/Pods-TODO-ios/Pods-TODO-ios.debug.xcconfig"; sourceTree = "<group>"; };
/* End PBXFileReference section */

/* Begin PBXFrameworksBuildPhase section */
		5F7CFA02225B46D4005022BD /* Frameworks */ = {
			isa = PBXFrameworksBuildPhase;
			buildActionMask = 2147483647;
			files = (
				41DF714751D5BA7B23CE9994 /* Pods_TODO_ios.framework in Frameworks */,
			);
			runOnlyForDeploymentPostprocessing = 0;
		};
/* End PBXFrameworksBuildPhase section */

/* Begin PBXGroup section */
		535DA816CF80A5136A89E930 /* Pods */ = {
			isa = PBXGroup;
			children = (
				B3EA5926BF2A518CDF189619 /* Pods-TODO-ios.debug.xcconfig */,
				118A284627B7B4740B62B745 /* Pods-TODO-ios.release.xcconfig */,
			);
			path = Pods;
			sourceTree = "<group>";
		};
		5643F11E3DB2A6DEB5F0AC10 /* Frameworks */ = {
			isa = PBXGroup;
			children = (
				81E657E760000A2857BF1BF7 /* Pods_TODO_ios.framework */,
			);
			name = Frameworks;
			sourceTree = "<group>";
		};
		5F7CF9FC225B46D4005022BD = {
			isa = PBXGroup;
			children = (
				5F7CFA07225B46D4005022BD /* TODO-ios */,
				5F7CFA06225B46D4005022BD /* Products */,
				535DA816CF80A5136A89E930 /* Pods */,
				5643F11E3DB2A6DEB5F0AC10 /* Frameworks */,
			);
			sourceTree = "<group>";
		};
		5F7CFA06225B46D4005022BD /* Products */ = {
			isa = PBXGroup;
			children = (
				5F7CFA05225B46D4005022BD /* TODO-ios.app */,
			);
			name = Products;
			sourceTree = "<group>";
		};
		5F7CFA07225B46D4005022BD /* TODO-ios */ = {
			isa = PBXGroup;
			children = (
				5F7CFA08225B46D4005022BD /* AppDelegate.swift */,
				5F7CFA1C225B4BE0005022BD /* Constant.swift */,
				5F7CFA0A225B46D4005022BD /* ViewController.swift */,
				5F7CFA0C225B46D4005022BD /* Main.storyboard */,
				5F7CFA1E225B4F9F005022BD /* TodoTableViewCell.swift */,
				5F7CFA1A225B4873005022BD /* UIButtonCheckBox.swift */,
				5F7CFA0F225B46D6005022BD /* Assets.xcassets */,
				5F7CFA11225B46D6005022BD /* LaunchScreen.storyboard */,
				5F7CFA14225B46D6005022BD /* Info.plist */,
				5F7CFA20225B5026005022BD /* Todo.swift */,
				5FAF139E225B66A6006025BF /* APIRouter.swift */,
				5FAF13A0225BAC92006025BF /* Helper.swift */,
			);
			path = "TODO-ios";
			sourceTree = "<group>";
		};
/* End PBXGroup section */

/* Begin PBXNativeTarget section */
		5F7CFA04225B46D4005022BD /* TODO-ios */ = {
			isa = PBXNativeTarget;
			buildConfigurationList = 5F7CFA17225B46D6005022BD /* Build configuration list for PBXNativeTarget "TODO-ios" */;
			buildPhases = (
				BD47B07110BB334CDEE357CF /* [CP] Check Pods Manifest.lock */,
				5F7CFA01225B46D4005022BD /* Sources */,
				5F7CFA02225B46D4005022BD /* Frameworks */,
				5F7CFA03225B46D4005022BD /* Resources */,
				DA5475FB9BCFE58E27D8D9F6 /* [CP] Embed Pods Frameworks */,
			);
			buildRules = (
			);
			dependencies = (
			);
			name = "TODO-ios";
			productName = "TODO-ios";
			productReference = 5F7CFA05225B46D4005022BD /* TODO-ios.app */;
			productType = "com.apple.product-type.application";
		};
/* End PBXNativeTarget section */

/* Begin PBXProject section */
		5F7CF9FD225B46D4005022BD /* Project object */ = {
			isa = PBXProject;
			attributes = {
				LastSwiftUpdateCheck = 1020;
				LastUpgradeCheck = 1020;
				ORGANIZATIONNAME = CKH;
				TargetAttributes = {
					5F7CFA04225B46D4005022BD = {
						CreatedOnToolsVersion = 10.2;
					};
				};
			};
			buildConfigurationList = 5F7CFA00225B46D4005022BD /* Build configuration list for PBXProject "TODO-ios" */;
			compatibilityVersion = "Xcode 9.3";
			developmentRegion = en;
			hasScannedForEncodings = 0;
			knownRegions = (
				en,
				Base,
			);
			mainGroup = 5F7CF9FC225B46D4005022BD;
			productRefGroup = 5F7CFA06225B46D4005022BD /* Products */;
			projectDirPath = "";
			projectRoot = "";
			targets = (
				5F7CFA04225B46D4005022BD /* TODO-ios */,
			);
		};
/* End PBXProject section */

/* Begin PBXResourcesBuildPhase section */
		5F7CFA03225B46D4005022BD /* Resources */ = {
			isa = PBXResourcesBuildPhase;
			buildActionMask = 2147483647;
			files = (
				5F7CFA13225B46D6005022BD /* LaunchScreen.storyboard in Resources */,
				5F7CFA10225B46D6005022BD /* Assets.xcassets in Resources */,
				5F7CFA0E225B46D4005022BD /* Main.storyboard in Resources */,
			);
			runOnlyForDeploymentPostprocessing = 0;
		};
/* End PBXResourcesBuildPhase section */

/* Begin PBXShellScriptBuildPhase section */
		BD47B07110BB334CDEE357CF /* [CP] Check Pods Manifest.lock */ = {
			isa = PBXShellScriptBuildPhase;
			buildActionMask = 2147483647;
			files = (
			);
			inputFileListPaths = (
			);
			inputPaths = (
				"${PODS_PODFILE_DIR_PATH}/Podfile.lock",
				"${PODS_ROOT}/Manifest.lock",
			);
			name = "[CP] Check Pods Manifest.lock";
			outputFileListPaths = (
			);
			outputPaths = (
				"$(DERIVED_FILE_DIR)/Pods-TODO-ios-checkManifestLockResult.txt",
			);
			runOnlyForDeploymentPostprocessing = 0;
			shellPath = /bin/sh;
			shellScript = "diff \"${PODS_PODFILE_DIR_PATH}/Podfile.lock\" \"${PODS_ROOT}/Manifest.lock\" > /dev/null\nif [ $? != 0 ] ; then\n    # print error to STDERR\n    echo \"error: The sandbox is not in sync with the Podfile.lock. Run 'pod install' or update your CocoaPods installation.\" >&2\n    exit 1\nfi\n# This output is used by Xcode 'outputs' to avoid re-running this script phase.\necho \"SUCCESS\" > \"${SCRIPT_OUTPUT_FILE_0}\"\n";
			showEnvVarsInLog = 0;
		};
		DA5475FB9BCFE58E27D8D9F6 /* [CP] Embed Pods Frameworks */ = {
			isa = PBXShellScriptBuildPhase;
			buildActionMask = 2147483647;
			files = (
			);
			inputFileListPaths = (
			);
			inputPaths = (
				"${PODS_ROOT}/Target Support Files/Pods-TODO-ios/Pods-TODO-ios-frameworks.sh",
				"${BUILT_PRODUCTS_DIR}/Alamofire/Alamofire.framework",
				"${BUILT_PRODUCTS_DIR}/EventSource/EventSource.framework",
			);
			name = "[CP] Embed Pods Frameworks";
			outputFileListPaths = (
			);
			outputPaths = (
				"${TARGET_BUILD_DIR}/${FRAMEWORKS_FOLDER_PATH}/Alamofire.framework",
				"${TARGET_BUILD_DIR}/${FRAMEWORKS_FOLDER_PATH}/EventSource.framework",
			);
			runOnlyForDeploymentPostprocessing = 0;
			shellPath = /bin/sh;
			shellScript = "\"${PODS_ROOT}/Target Support Files/Pods-TODO-ios/Pods-TODO-ios-frameworks.sh\"\n";
			showEnvVarsInLog = 0;
		};
/* End PBXShellScriptBuildPhase section */

/* Begin PBXSourcesBuildPhase section */
		5F7CFA01225B46D4005022BD /* Sources */ = {
			isa = PBXSourcesBuildPhase;
			buildActionMask = 2147483647;
			files = (
				5FAF139F225B66A6006025BF /* APIRouter.swift in Sources */,
				5F7CFA1B225B4873005022BD /* UIButtonCheckBox.swift in Sources */,
				5F7CFA21225B5026005022BD /* Todo.swift in Sources */,
				5F7CFA0B225B46D4005022BD /* ViewController.swift in Sources */,
				5F7CFA09225B46D4005022BD /* AppDelegate.swift in Sources */,
				5F7CFA1F225B4F9F005022BD /* TodoTableViewCell.swift in Sources */,
				5F7CFA1D225B4BE0005022BD /* Constant.swift in Sources */,
				5FAF13A1225BAC92006025BF /* Helper.swift in Sources */,
			);
			runOnlyForDeploymentPostprocessing = 0;
		};
/* End PBXSourcesBuildPhase section */

/* Begin PBXVariantGroup section */
		5F7CFA0C225B46D4005022BD /* Main.storyboard */ = {
			isa = PBXVariantGroup;
			children = (
				5F7CFA0D225B46D4005022BD /* Base */,
			);
			name = Main.storyboard;
			sourceTree = "<group>";
		};
		5F7CFA11225B46D6005022BD /* LaunchScreen.storyboard */ = {
			isa = PBXVariantGroup;
			children = (
				5F7CFA12225B46D6005022BD /* Base */,
			);
			name = LaunchScreen.storyboard;
			sourceTree = "<group>";
		};
/* End PBXVariantGroup section */

/* Begin XCBuildConfiguration section */
		5F7CFA15225B46D6005022BD /* Debug */ = {
			isa = XCBuildConfiguration;
			buildSettings = {
				ALWAYS_SEARCH_USER_PATHS = NO;
				CLANG_ANALYZER_NONNULL = YES;
				CLANG_ANALYZER_NUMBER_OBJECT_CONVERSION = YES_AGGRESSIVE;
				CLANG_CXX_LANGUAGE_STANDARD = "gnu++14";
				CLANG_CXX_LIBRARY = "libc++";
				CLANG_ENABLE_MODULES = YES;
				CLANG_ENABLE_OBJC_ARC = YES;
				CLANG_ENABLE_OBJC_WEAK = YES;
				CLANG_WARN_BLOCK_CAPTURE_AUTORELEASING = YES;
				CLANG_WARN_BOOL_CONVERSION = YES;
				CLANG_WARN_COMMA = YES;
				CLANG_WARN_CONSTANT_CONVERSION = YES;
				CLANG_WARN_DEPRECATED_OBJC_IMPLEMENTATIONS = YES;
				CLANG_WARN_DIRECT_OBJC_ISA_USAGE = YES_ERROR;
				CLANG_WARN_DOCUMENTATION_COMMENTS = YES;
				CLANG_WARN_EMPTY_BODY = YES;
				CLANG_WARN_ENUM_CONVERSION = YES;
				CLANG_WARN_INFINITE_RECURSION = YES;
				CLANG_WARN_INT_CONVERSION = YES;
				CLANG_WARN_NON_LITERAL_NULL_CONVERSION = YES;
				CLANG_WARN_OBJC_IMPLICIT_RETAIN_SELF = YES;
				CLANG_WARN_OBJC_LITERAL_CONVERSION = YES;
				CLANG_WARN_OBJC_ROOT_CLASS = YES_ERROR;
				CLANG_WARN_RANGE_LOOP_ANALYSIS = YES;
				CLANG_WARN_STRICT_PROTOTYPES = YES;
				CLANG_WARN_SUSPICIOUS_MOVE = YES;
				CLANG_WARN_UNGUARDED_AVAILABILITY = YES_AGGRESSIVE;
				CLANG_WARN_UNREACHABLE_CODE = YES;
				CLANG_WARN__DUPLICATE_METHOD_MATCH = YES;
				CODE_SIGN_IDENTITY = "iPhone Developer";
				COPY_PHASE_STRIP = NO;
				DEBUG_INFORMATION_FORMAT = dwarf;
				ENABLE_STRICT_OBJC_MSGSEND = YES;
				ENABLE_TESTABILITY = YES;
				GCC_C_LANGUAGE_STANDARD = gnu11;
				GCC_DYNAMIC_NO_PIC = NO;
				GCC_NO_COMMON_BLOCKS = YES;
				GCC_OPTIMIZATION_LEVEL = 0;
				GCC_PREPROCESSOR_DEFINITIONS = (
					"DEBUG=1",
					"$(inherited)",
				);
				GCC_WARN_64_TO_32_BIT_CONVERSION = YES;
				GCC_WARN_ABOUT_RETURN_TYPE = YES_ERROR;
				GCC_WARN_UNDECLARED_SELECTOR = YES;
				GCC_WARN_UNINITIALIZED_AUTOS = YES_AGGRESSIVE;
				GCC_WARN_UNUSED_FUNCTION = YES;
				GCC_WARN_UNUSED_VARIABLE = YES;
				IPHONEOS_DEPLOYMENT_TARGET = 12.2;
				MTL_ENABLE_DEBUG_INFO = INCLUDE_SOURCE;
				MTL_FAST_MATH = YES;
				ONLY_ACTIVE_ARCH = YES;
				SDKROOT = iphoneos;
				SWIFT_ACTIVE_COMPILATION_CONDITIONS = DEBUG;
				SWIFT_OPTIMIZATION_LEVEL = "-Onone";
			};
			name = Debug;
		};
		5F7CFA16225B46D6005022BD /* Release */ = {
			isa = XCBuildConfiguration;
			buildSettings = {
				ALWAYS_SEARCH_USER_PATHS = NO;
				CLANG_ANALYZER_NONNULL = YES;
				CLANG_ANALYZER_NUMBER_OBJECT_CONVERSION = YES_AGGRESSIVE;
				CLANG_CXX_LANGUAGE_STANDARD = "gnu++14";
				CLANG_CXX_LIBRARY = "libc++";
				CLANG_ENABLE_MODULES = YES;
				CLANG_ENABLE_OBJC_ARC = YES;
				CLANG_ENABLE_OBJC_WEAK = YES;
				CLANG_WARN_BLOCK_CAPTURE_AUTORELEASING = YES;
				CLANG_WARN_BOOL_CONVERSION = YES;
				CLANG_WARN_COMMA = YES;
				CLANG_WARN_CONSTANT_CONVERSION = YES;
				CLANG_WARN_DEPRECATED_OBJC_IMPLEMENTATIONS = YES;
				CLANG_WARN_DIRECT_OBJC_ISA_USAGE = YES_ERROR;
				CLANG_WARN_DOCUMENTATION_COMMENTS = YES;
				CLANG_WARN_EMPTY_BODY = YES;
				CLANG_WARN_ENUM_CONVERSION = YES;
				CLANG_WARN_INFINITE_RECURSION = YES;
				CLANG_WARN_INT_CONVERSION = YES;
				CLANG_WARN_NON_LITERAL_NULL_CONVERSION = YES;
				CLANG_WARN_OBJC_IMPLICIT_RETAIN_SELF = YES;
				CLANG_WARN_OBJC_LITERAL_CONVERSION = YES;
				CLANG_WARN_OBJC_ROOT_CLASS = YES_ERROR;
				CLANG_WARN_RANGE_LOOP_ANALYSIS = YES;
				CLANG_WARN_STRICT_PROTOTYPES = YES;
				CLANG_WARN_SUSPICIOUS_MOVE = YES;
				CLANG_WARN_UNGUARDED_AVAILABILITY = YES_AGGRESSIVE;
				CLANG_WARN_UNREACHABLE_CODE = YES;
				CLANG_WARN__DUPLICATE_METHOD_MATCH = YES;
				CODE_SIGN_IDENTITY = "iPhone Developer";
				COPY_PHASE_STRIP = NO;
				DEBUG_INFORMATION_FORMAT = "dwarf-with-dsym";
				ENABLE_NS_ASSERTIONS = NO;
				ENABLE_STRICT_OBJC_MSGSEND = YES;
				GCC_C_LANGUAGE_STANDARD = gnu11;
				GCC_NO_COMMON_BLOCKS = YES;
				GCC_WARN_64_TO_32_BIT_CONVERSION = YES;
				GCC_WARN_ABOUT_RETURN_TYPE = YES_ERROR;
				GCC_WARN_UNDECLARED_SELECTOR = YES;
				GCC_WARN_UNINITIALIZED_AUTOS = YES_AGGRESSIVE;
				GCC_WARN_UNUSED_FUNCTION = YES;
				GCC_WARN_UNUSED_VARIABLE = YES;
				IPHONEOS_DEPLOYMENT_TARGET = 12.2;
				MTL_ENABLE_DEBUG_INFO = NO;
				MTL_FAST_MATH = YES;
				SDKROOT = iphoneos;
				SWIFT_COMPILATION_MODE = wholemodule;
				SWIFT_OPTIMIZATION_LEVEL = "-O";
				VALIDATE_PRODUCT = YES;
			};
			name = Release;
		};
		5F7CFA18225B46D6005022BD /* Debug */ = {
			isa = XCBuildConfiguration;
			baseConfigurationReference = B3EA5926BF2A518CDF189619 /* Pods-TODO-ios.debug.xcconfig */;
			buildSettings = {
				ASSETCATALOG_COMPILER_APPICON_NAME = AppIcon;
				CODE_SIGN_STYLE = Automatic;
				DEVELOPMENT_TEAM = R5MWXFW4RY;
				INFOPLIST_FILE = "TODO-ios/Info.plist";
				LD_RUNPATH_SEARCH_PATHS = (
					"$(inherited)",
					"@executable_path/Frameworks",
				);
				PRODUCT_BUNDLE_IDENTIFIER = "CKH.TODO-ios";
				PRODUCT_NAME = "$(TARGET_NAME)";
				SWIFT_VERSION = 5.0;
				TARGETED_DEVICE_FAMILY = "1,2";
			};
			name = Debug;
		};
		5F7CFA19225B46D6005022BD /* Release */ = {
			isa = XCBuildConfiguration;
			baseConfigurationReference = 118A284627B7B4740B62B745 /* Pods-TODO-ios.release.xcconfig */;
			buildSettings = {
				ASSETCATALOG_COMPILER_APPICON_NAME = AppIcon;
				CODE_SIGN_STYLE = Automatic;
				DEVELOPMENT_TEAM = R5MWXFW4RY;
				INFOPLIST_FILE = "TODO-ios/Info.plist";
				LD_RUNPATH_SEARCH_PATHS = (
					"$(inherited)",
					"@executable_path/Frameworks",
				);
				PRODUCT_BUNDLE_IDENTIFIER = "CKH.TODO-ios";
				PRODUCT_NAME = "$(TARGET_NAME)";
				SWIFT_VERSION = 5.0;
				TARGETED_DEVICE_FAMILY = "1,2";
			};
			name = Release;
		};
/* End XCBuildConfiguration section */

/* Begin XCConfigurationList section */
		5F7CFA00225B46D4005022BD /* Build configuration list for PBXProject "TODO-ios" */ = {
			isa = XCConfigurationList;
			buildConfigurations = (
				5F7CFA15225B46D6005022BD /* Debug */,
				5F7CFA16225B46D6005022BD /* Release */,
			);
			defaultConfigurationIsVisible = 0;
			defaultConfigurationName = Release;
		};
		5F7CFA17225B46D6005022BD /* Build configuration list for PBXNativeTarget "TODO-ios" */ = {
			isa = XCConfigurationList;
			buildConfigurations = (
				5F7CFA18225B46D6005022BD /* Debug */,
				5F7CFA19225B46D6005022BD /* Release */,
			);
			defaultConfigurationIsVisible = 0;
			defaultConfigurationName = Release;
		};
/* End XCConfigurationList section */
	};
	rootObject = 5F7CF9FD225B46D4005022BD /* Project object */;
}
